PODS:
  - TKModule (0.1.0):
    - TKModule/Core (= 0.1.0)
  - TKModule/Core (0.1.0):
    - TKModule/SourceMode
  - TKModule/SourceMode (0.1.0)

DEPENDENCIES:
  - TKModule (from `../`)

EXTERNAL SOURCES:
  TKModule:
    :path: "../"

SPEC CHECKSUMS:
  TKModule: 61423abccb72ce81c42233cb025ce3045d12c686

PODFILE CHECKSUM: d6a174355ff4b272aa78c1e0679fa21097312ee3

COCOAPODS: 1.10.1
